
Microsoft Visual Studio Solution File, Format Version 12.00
# Visual Studio Version 17
VisualStudioVersion = 17.13.35919.96 d17.13
MinimumVisualStudioVersion = 10.0.40219.1
Project("{FAE04EC0-301F-11D3-BF4B-00C04F79EFBC}") = "FluentUITemplate", "FluentUITemplate.csproj", "{4AFE2288-772F-4209-9F8B-5BE090318471}"
EndProject
Global
	GlobalSection(SolutionConfigurationPlatforms) = preSolution
		Debug|Any CPU = Debug|Any CPU
		Release|Any CPU = Release|Any CPU
	EndGlobalSection
	GlobalSection(ProjectConfigurationPlatforms) = postSolution
		{4AFE2288-772F-4209-9F8B-5BE090318471}.Debug|Any CPU.ActiveCfg = Debug|Any CPU
		{4AFE2288-772F-4209-9F8B-5BE090318471}.Debug|Any CPU.Build.0 = Debug|Any CPU
		{4AFE2288-772F-4209-9F8B-5BE090318471}.Release|Any CPU.ActiveCfg = Release|Any CPU
		{4AFE2288-772F-4209-9F8B-5BE090318471}.Release|Any CPU.Build.0 = Release|Any CPU
	EndGlobalSection
	GlobalSection(SolutionProperties) = preSolution
		HideSolutionNode = FALSE
	EndGlobalSection
	GlobalSection(ExtensibilityGlobals) = postSolution
		SolutionGuid = {BF5B3C7B-DE2A-44FF-BA6F-ADF28B5C0FCB}
	EndGlobalSection
EndGlobal
